Microsoft Visual Studio Solution File, Format Version 12.00
# Visual Studio Version 17
VisualStudioVersion = 17.12.35527.113 d17.12
MinimumVisualStudioVersion = 10.0.40219.1
Project("{FAE04EC0-301F-11D3-BF4B-00C04F79EFBC}") = "YUJ", "YUJ\YUJ.csproj", "{5DCC30F2-61F9-4618-BA80-2F13B5EB234C}"
EndProject
Project("{FAE04EC0-301F-11D3-BF4B-00C04F79EFBC}") = "YUJ.Shared", "YUJ.Shared\YUJ.Shared.csproj", "{E47B2559-04AB-4FEF-B4E3-426AC04E3E1C}"
EndProject
Project("{FAE04EC0-301F-11D3-BF4B-00C04F79EFBC}") = "YUJ.Web", "YUJ.Web\YUJ.Web.csproj", "{23AF7C85-5DC6-4F7F-9AF4-04FFE7C509AA}"
EndProject
Global
	GlobalSection(SolutionConfigurationPlatforms) = preSolution
		Debug|Any CPU = Debug|Any CPU
		Release|Any CPU = Release|Any CPU
	EndGlobalSection
	GlobalSection(ProjectConfigurationPlatforms) = postSolution
		{5DCC30F2-61F9-4618-BA80-2F13B5EB234C}.Debug|Any CPU.ActiveCfg = Debug|Any CPU
		{5DCC30F2-61F9-4618-BA80-2F13B5EB234C}.Debug|Any CPU.Build.0 = Debug|Any CPU
		{5DCC30F2-61F9-4618-BA80-2F13B5EB234C}.Release|Any CPU.ActiveCfg = Release|Any CPU
		{5DCC30F2-61F9-4618-BA80-2F13B5EB234C}.Release|Any CPU.Build.0 = Release|Any CPU
		{E47B2559-04AB-4FEF-B4E3-426AC04E3E1C}.Debug|Any CPU.ActiveCfg = Debug|Any CPU
		{E47B2559-04AB-4FEF-B4E3-426AC04E3E1C}.Debug|Any CPU.Build.0 = Debug|Any CPU
		{E47B2559-04AB-4FEF-B4E3-426AC04E3E1C}.Release|Any CPU.ActiveCfg = Release|Any CPU
		{E47B2559-04AB-4FEF-B4E3-426AC04E3E1C}.Release|Any CPU.Build.0 = Release|Any CPU
		{23AF7C85-5DC6-4F7F-9AF4-04FFE7C509AA}.Debug|Any CPU.ActiveCfg = Debug|Any CPU
		{23AF7C85-5DC6-4F7F-9AF4-04FFE7C509AA}.Debug|Any CPU.Build.0 = Debug|Any CPU
		{23AF7C85-5DC6-4F7F-9AF4-04FFE7C509AA}.Release|Any CPU.ActiveCfg = Release|Any CPU
		{23AF7C85-5DC6-4F7F-9AF4-04FFE7C509AA}.Release|Any CPU.Build.0 = Release|Any CPU
	EndGlobalSection
	GlobalSection(SolutionProperties) = preSolution
		HideSolutionNode = FALSE
	EndGlobalSection
EndGlobal
